
Microsoft Visual Studio Solution File, Format Version 12.00
# Visual Studio Version 17
VisualStudioVersion = 17.5.33516.290
MinimumVisualStudioVersion = 10.0.40219.1
Project("{FAE04EC0-301F-11D3-BF4B-00C04F79EFBC}") = "ShoppingCart", "ShoppingCart\ShoppingCart.csproj", "{6ADAA9DB-2D06-4754-B5DA-D3C23F793665}"
EndProject
Global
	GlobalSection(SolutionConfigurationPlatforms) = preSolution
		Debug|Any CPU = Debug|Any CPU
		Release|Any CPU = Release|Any CPU
	EndGlobalSection
	GlobalSection(ProjectConfigurationPlatforms) = postSolution
		{6ADAA9DB-2D06-4754-B5DA-D3C23F793665}.Debug|Any CPU.ActiveCfg = Debug|Any CPU
		{6ADAA9DB-2D06-4754-B5DA-D3C23F793665}.Debug|Any CPU.Build.0 = Debug|Any CPU
		{6ADAA9DB-2D06-4754-B5DA-D3C23F793665}.Release|Any CPU.ActiveCfg = Release|Any CPU
		{6ADAA9DB-2D06-4754-B5DA-D3C23F793665}.Release|Any CPU.Build.0 = Release|Any CPU
	EndGlobalSection
	GlobalSection(SolutionProperties) = preSolution
		HideSolutionNode = FALSE
	EndGlobalSection
	GlobalSection(ExtensibilityGlobals) = postSolution
		SolutionGuid = {474D170C-C1DB-4E14-A389-5FAF18C63A82}
	EndGlobalSection
EndGlobal
